
Microsoft Visual Studio Solution File, Format Version 12.00
# Visual Studio Version 17
VisualStudioVersion = 17.8.34322.80
MinimumVisualStudioVersion = 10.0.40219.1
Project("{FAE04EC0-301F-11D3-BF4B-00C04F79EFBC}") = "SUT23-EFCodeFirst", "SUT23-EFCodeFirst\SUT23-EFCodeFirst.csproj", "{F02AFA17-50D0-4754-B261-12781B0758FE}"
EndProject
Global
	GlobalSection(SolutionConfigurationPlatforms) = preSolution
		Debug|Any CPU = Debug|Any CPU
		Release|Any CPU = Release|Any CPU
	EndGlobalSection
	GlobalSection(ProjectConfigurationPlatforms) = postSolution
		{F02AFA17-50D0-4754-B261-12781B0758FE}.Debug|Any CPU.ActiveCfg = Debug|Any CPU
		{F02AFA17-50D0-4754-B261-12781B0758FE}.Debug|Any CPU.Build.0 = Debug|Any CPU
		{F02AFA17-50D0-4754-B261-12781B0758FE}.Release|Any CPU.ActiveCfg = Release|Any CPU
		{F02AFA17-50D0-4754-B261-12781B0758FE}.Release|Any CPU.Build.0 = Release|Any CPU
	EndGlobalSection
	GlobalSection(SolutionProperties) = preSolution
		HideSolutionNode = FALSE
	EndGlobalSection
	GlobalSection(ExtensibilityGlobals) = postSolution
		SolutionGuid = {E5E43BFF-D636-4604-9B58-60A7F6839098}
	EndGlobalSection
EndGlobal
